{
  "name": "@dws/sample-app",
  "version": "1.0.0",
  "lockfileVersion": 3,
  "requires": true,
  "packages": {
    "": {
      "name": "@dws/sample-app",
      "version": "1.0.0",
      "license": "UNLICENSED",
      "dependencies": {
        "@dws/sample-package": "^1.0.1"
      }
    },
    "node_modules/@dws/sample-package": {
      "version": "1.0.1",
      "resolved": "https://my-domain-970207098316.d.codeartifact.ap-northeast-1.amazonaws.com/npm/my-repo/@dws/sample-package/-/sample-package-1.0.1.tgz",
      "integrity": "sha512-m2lZr1Kzb4ZaVoYEF7qpcSYY7WS1cNUQNvoojl7JpNdfi2NzJZUN3emQunpM/xzalWfCb0rUGi3y0sQWuF5YOg=="
    }
  }
}
